
Microsoft Visual Studio Solution File, Format Version 12.00
# Visual Studio Version 16
VisualStudioVersion = 16.0.29306.81
MinimumVisualStudioVersion = 10.0.40219.1
Project("{FAE04EC0-301F-11D3-BF4B-00C04F79EFBC}") = "Channel_A_Doctor_MVC_App", "Channel_A_Doctor_MVC_App.csproj", "{DEC2C94B-B3DF-4957-8BF2-62107E18B491}"
EndProject
Global
	GlobalSection(SolutionConfigurationPlatforms) = preSolution
		Debug|Any CPU = Debug|Any CPU
		Release|Any CPU = Release|Any CPU
	EndGlobalSection
	GlobalSection(ProjectConfigurationPlatforms) = postSolution
		{DEC2C94B-B3DF-4957-8BF2-62107E18B491}.Debug|Any CPU.ActiveCfg = Debug|Any CPU
		{DEC2C94B-B3DF-4957-8BF2-62107E18B491}.Debug|Any CPU.Build.0 = Debug|Any CPU
		{DEC2C94B-B3DF-4957-8BF2-62107E18B491}.Release|Any CPU.ActiveCfg = Release|Any CPU
		{DEC2C94B-B3DF-4957-8BF2-62107E18B491}.Release|Any CPU.Build.0 = Release|Any CPU
	EndGlobalSection
	GlobalSection(SolutionProperties) = preSolution
		HideSolutionNode = FALSE
	EndGlobalSection
	GlobalSection(ExtensibilityGlobals) = postSolution
		SolutionGuid = {059559E7-B249-4A53-86A4-05BC2A95087A}
	EndGlobalSection
EndGlobal
